
Microsoft Visual Studio Solution File, Format Version 12.00
# Visual Studio 15
VisualStudioVersion = 15.0.26430.13
MinimumVisualStudioVersion = 10.0.40219.1
Project("{FAE04EC0-301F-11D3-BF4B-00C04F79EFBC}") = "NDProperty", "NDProperty\NDProperty.csproj", "{0CD29ECE-06BC-4BC6-AEBD-99A046E8B62B}"
EndProject
Project("{FAE04EC0-301F-11D3-BF4B-00C04F79EFBC}") = "NDProperty.Analyzer.Test", "NDProperty.Analyzer\NDProperty.Analyzer.Test\NDProperty.Analyzer.Test.csproj", "{12EBDBC0-79AB-4F04-A8A8-A29561724FF6}"
EndProject
Project("{FAE04EC0-301F-11D3-BF4B-00C04F79EFBC}") = "NDProperty.Analyzer.Vsix", "NDProperty.Analyzer\NDProperty.Analyzer.Vsix\NDProperty.Analyzer.Vsix.csproj", "{D00597B0-342F-40E2-BAD7-26E378FCD714}"
EndProject
Project("{2150E333-8FDC-42A3-9474-1A3956D46DE8}") = "Solution Items", "Solution Items", "{ECADA391-9B34-4910-A8F7-A81BAD338AA6}"
	ProjectSection(SolutionItems) = preProject
		.editorconfig = .editorconfig
		NuGet.Config = NuGet.Config
		README.md = README.md
	EndProjectSection
EndProject
Project("{FAE04EC0-301F-11D3-BF4B-00C04F79EFBC}") = "NDProperty.Test", "NDProperty.Test\NDProperty.Test.csproj", "{D6EA9C7F-EEE8-47D4-A171-45DEB2E6B340}"
EndProject
Project("{FAE04EC0-301F-11D3-BF4B-00C04F79EFBC}") = "NDProperty.Generator", "NDProperty.Generator\NDProperty.Generator.csproj", "{66887DB5-5C82-4048-AA93-2F061C09B1F3}"
EndProject
Project("{FAE04EC0-301F-11D3-BF4B-00C04F79EFBC}") = "NDProperty.Analyzer", "NDProperty.Analyzer\NDProperty.Analyzer\NDProperty.Analyzer.csproj", "{1C464CCB-3CDB-4A4C-8EDD-667066700314}"
	ProjectSection(ProjectDependencies) = postProject
		{A1D6FC6B-D0B5-41E6-AC64-967FED3078D6} = {A1D6FC6B-D0B5-41E6-AC64-967FED3078D6}
	EndProjectSection
EndProject
Project("{FAE04EC0-301F-11D3-BF4B-00C04F79EFBC}") = "NDProperty.Analyzer.Dependencys", "NDProperty.Analyzer\NDProperty.Analyzer.Dependencys\NDProperty.Analyzer.Dependencys.csproj", "{A1D6FC6B-D0B5-41E6-AC64-967FED3078D6}"
EndProject
Global
	GlobalSection(SolutionConfigurationPlatforms) = preSolution
		Debug|Any CPU = Debug|Any CPU
		Release|Any CPU = Release|Any CPU
	EndGlobalSection
	GlobalSection(ProjectConfigurationPlatforms) = postSolution
		{0CD29ECE-06BC-4BC6-AEBD-99A046E8B62B}.Debug|Any CPU.ActiveCfg = Debug|Any CPU
		{0CD29ECE-06BC-4BC6-AEBD-99A046E8B62B}.Debug|Any CPU.Build.0 = Debug|Any CPU
		{0CD29ECE-06BC-4BC6-AEBD-99A046E8B62B}.Release|Any CPU.ActiveCfg = Release|Any CPU
		{0CD29ECE-06BC-4BC6-AEBD-99A046E8B62B}.Release|Any CPU.Build.0 = Release|Any CPU
		{12EBDBC0-79AB-4F04-A8A8-A29561724FF6}.Debug|Any CPU.ActiveCfg = Debug|Any CPU
		{12EBDBC0-79AB-4F04-A8A8-A29561724FF6}.Debug|Any CPU.Build.0 = Debug|Any CPU
		{12EBDBC0-79AB-4F04-A8A8-A29561724FF6}.Release|Any CPU.ActiveCfg = Release|Any CPU
		{12EBDBC0-79AB-4F04-A8A8-A29561724FF6}.Release|Any CPU.Build.0 = Release|Any CPU
		{D00597B0-342F-40E2-BAD7-26E378FCD714}.Debug|Any CPU.ActiveCfg = Debug|Any CPU
		{D00597B0-342F-40E2-BAD7-26E378FCD714}.Debug|Any CPU.Build.0 = Debug|Any CPU
		{D00597B0-342F-40E2-BAD7-26E378FCD714}.Release|Any CPU.ActiveCfg = Release|Any CPU
		{D00597B0-342F-40E2-BAD7-26E378FCD714}.Release|Any CPU.Build.0 = Release|Any CPU
		{D6EA9C7F-EEE8-47D4-A171-45DEB2E6B340}.Debug|Any CPU.ActiveCfg = Debug|Any CPU
		{D6EA9C7F-EEE8-47D4-A171-45DEB2E6B340}.Debug|Any CPU.Build.0 = Debug|Any CPU
		{D6EA9C7F-EEE8-47D4-A171-45DEB2E6B340}.Release|Any CPU.ActiveCfg = Release|Any CPU
		{D6EA9C7F-EEE8-47D4-A171-45DEB2E6B340}.Release|Any CPU.Build.0 = Release|Any CPU
		{66887DB5-5C82-4048-AA93-2F061C09B1F3}.Debug|Any CPU.ActiveCfg = Debug|Any CPU
		{66887DB5-5C82-4048-AA93-2F061C09B1F3}.Debug|Any CPU.Build.0 = Debug|Any CPU
		{66887DB5-5C82-4048-AA93-2F061C09B1F3}.Release|Any CPU.ActiveCfg = Release|Any CPU
		{66887DB5-5C82-4048-AA93-2F061C09B1F3}.Release|Any CPU.Build.0 = Release|Any CPU
		{1C464CCB-3CDB-4A4C-8EDD-667066700314}.Debug|Any CPU.ActiveCfg = Debug|Any CPU
		{1C464CCB-3CDB-4A4C-8EDD-667066700314}.Debug|Any CPU.Build.0 = Debug|Any CPU
		{1C464CCB-3CDB-4A4C-8EDD-667066700314}.Release|Any CPU.ActiveCfg = Release|Any CPU
		{1C464CCB-3CDB-4A4C-8EDD-667066700314}.Release|Any CPU.Build.0 = Release|Any CPU
		{A1D6FC6B-D0B5-41E6-AC64-967FED3078D6}.Debug|Any CPU.ActiveCfg = Debug|Any CPU
		{A1D6FC6B-D0B5-41E6-AC64-967FED3078D6}.Debug|Any CPU.Build.0 = Debug|Any CPU
		{A1D6FC6B-D0B5-41E6-AC64-967FED3078D6}.Release|Any CPU.ActiveCfg = Release|Any CPU
		{A1D6FC6B-D0B5-41E6-AC64-967FED3078D6}.Release|Any CPU.Build.0 = Release|Any CPU
	EndGlobalSection
	GlobalSection(SolutionProperties) = preSolution
		HideSolutionNode = FALSE
	EndGlobalSection
EndGlobal
